
Microsoft Visual Studio Solution File, Format Version 11.00
# Visual Studio 2010
Project("{FAE04EC0-301F-11D3-BF4B-00C04F79EFBC}") = "Assembly-CSharp", "Assembly-CSharp.csproj", "{6a353c9d-f87c-15a3-1a79-52e35ac62c04}"
EndProject
Project("{FAE04EC0-301F-11D3-BF4B-00C04F79EFBC}") = "Assembly-CSharp-Editor", "Assembly-CSharp-Editor.csproj", "{0b3dfbbd-80ec-38f6-5521-7d2d7acfd8af}"
EndProject
Global
	GlobalSection(SolutionConfigurationPlatforms) = preSolution
		Debug|Any CPU = Debug|Any CPU
	EndGlobalSection
	GlobalSection(ProjectConfigurationPlatforms) = postSolution
		{6a353c9d-f87c-15a3-1a79-52e35ac62c04}.Debug|Any CPU.ActiveCfg = Debug|Any CPU
		{6a353c9d-f87c-15a3-1a79-52e35ac62c04}.Debug|Any CPU.Build.0 = Debug|Any CPU
		{0b3dfbbd-80ec-38f6-5521-7d2d7acfd8af}.Debug|Any CPU.ActiveCfg = Debug|Any CPU
		{0b3dfbbd-80ec-38f6-5521-7d2d7acfd8af}.Debug|Any CPU.Build.0 = Debug|Any CPU
	EndGlobalSection
	GlobalSection(SolutionProperties) = preSolution
		HideSolutionNode = FALSE
	EndGlobalSection
EndGlobal
